
Microsoft Visual Studio Solution File, Format Version 12.00
# Visual Studio 15
VisualStudioVersion = 15.0.27130.2027
MinimumVisualStudioVersion = 10.0.40219.1
Project("{FAE04EC0-301F-11D3-BF4B-00C04F79EFBC}") = "WindowsInfoParser", "WindowsInfoParser\WindowsInfoParser.csproj", "{B1364950-22DB-46CF-AF48-6E2F31E41BB0}"
EndProject
Global
	GlobalSection(SolutionConfigurationPlatforms) = preSolution
		Debug|Any CPU = Debug|Any CPU
		Release|Any CPU = Release|Any CPU
	EndGlobalSection
	GlobalSection(ProjectConfigurationPlatforms) = postSolution
		{B1364950-22DB-46CF-AF48-6E2F31E41BB0}.Debug|Any CPU.ActiveCfg = Debug|Any CPU
		{B1364950-22DB-46CF-AF48-6E2F31E41BB0}.Debug|Any CPU.Build.0 = Debug|Any CPU
		{B1364950-22DB-46CF-AF48-6E2F31E41BB0}.Release|Any CPU.ActiveCfg = Release|Any CPU
		{B1364950-22DB-46CF-AF48-6E2F31E41BB0}.Release|Any CPU.Build.0 = Release|Any CPU
	EndGlobalSection
	GlobalSection(SolutionProperties) = preSolution
		HideSolutionNode = FALSE
	EndGlobalSection
	GlobalSection(ExtensibilityGlobals) = postSolution
		SolutionGuid = {4436E4B1-318F-4100-9534-5E6A7CF4DE02}
	EndGlobalSection
EndGlobal
